
Microsoft Visual Studio Solution File, Format Version 12.00
# Visual Studio Version 17
VisualStudioVersion = 17.3.32825.248
MinimumVisualStudioVersion = 10.0.40219.1
Project("{FAE04EC0-301F-11D3-BF4B-00C04F79EFBC}") = "AdminRazor", "AdminRazor\AdminRazor.csproj", "{05344163-547C-42C3-BE3D-6358BCE913C9}"
EndProject
Global
	GlobalSection(SolutionConfigurationPlatforms) = preSolution
		Debug|Any CPU = Debug|Any CPU
		Release|Any CPU = Release|Any CPU
	EndGlobalSection
	GlobalSection(ProjectConfigurationPlatforms) = postSolution
		{05344163-547C-42C3-BE3D-6358BCE913C9}.Debug|Any CPU.ActiveCfg = Debug|Any CPU
		{05344163-547C-42C3-BE3D-6358BCE913C9}.Debug|Any CPU.Build.0 = Debug|Any CPU
		{05344163-547C-42C3-BE3D-6358BCE913C9}.Release|Any CPU.ActiveCfg = Release|Any CPU
		{05344163-547C-42C3-BE3D-6358BCE913C9}.Release|Any CPU.Build.0 = Release|Any CPU
	EndGlobalSection
	GlobalSection(SolutionProperties) = preSolution
		HideSolutionNode = FALSE
	EndGlobalSection
	GlobalSection(ExtensibilityGlobals) = postSolution
		SolutionGuid = {C9BC64FB-2D36-442F-A3C7-43F758F8B569}
	EndGlobalSection
EndGlobal
